// !$*UTF8*$!
{
	archiveVersion = 1;
	classes = {
	};
	objectVersion = 46;
	objects = {

/* Begin PBXBuildFile section */
		124823351BF3CAA4005BA68B /* AppKit.framework in Frameworks */ = {isa = PBXBuildFile; fileRef = 124823341BF3CAA4005BA68B /* AppKit.framework */; };
		124823371BF3DE2E005BA68B /* Foundation.framework in Frameworks */ = {isa = PBXBuildFile; fileRef = 124823361BF3DE2E005BA68B /* Foundation.framework */; };
/* End PBXBuildFile section */

/* Begin PBXCopyFilesBuildPhase section */
		124823251BF3BA46005BA68B /* CopyFiles */ = {
			isa = PBXCopyFilesBuildPhase;
			buildActionMask = 2147483647;
			dstPath = /usr/share/man/man1/;
			dstSubfolderSpec = 0;
			files = (
			);
			runOnlyForDeploymentPostprocessing = 1;
		};
/* End PBXCopyFilesBuildPhase section */

/* Begin PBXFileReference section */
		124823271BF3BA46005BA68B /* usb-mount-notifier */ = {isa = PBXFileReference; explicitFileType = "compiled.mach-o.executable"; includeInIndex = 0; path = "usb-mount-notifier"; sourceTree = BUILT_PRODUCTS_DIR; };
		124823341BF3CAA4005BA68B /* AppKit.framework */ = {isa = PBXFileReference; lastKnownFileType = wrapper.framework; name = AppKit.framework; path = System/Library/Frameworks/AppKit.framework; sourceTree = SDKROOT; };
		124823361BF3DE2E005BA68B /* Foundation.framework */ = {isa = PBXFileReference; lastKnownFileType = wrapper.framework; name = Foundation.framework; path = System/Library/Frameworks/Foundation.framework; sourceTree = SDKROOT; };
		12567BF31BF4835D00B8CF7C /* src */ = {isa = PBXFileReference; lastKnownFileType = folder; path = src; sourceTree = SOURCE_ROOT; };
/* End PBXFileReference section */

/* Begin PBXFrameworksBuildPhase section */
		124823241BF3BA46005BA68B /* Frameworks */ = {
			isa = PBXFrameworksBuildPhase;
			buildActionMask = 2147483647;
			files = (
				124823371BF3DE2E005BA68B /* Foundation.framework in Frameworks */,
				124823351BF3CAA4005BA68B /* AppKit.framework in Frameworks */,
			);
			runOnlyForDeploymentPostprocessing = 0;
		};
/* End PBXFrameworksBuildPhase section */

/* Begin PBXGroup section */
		1248231E1BF3BA46005BA68B = {
			isa = PBXGroup;
			children = (
				12567BF31BF4835D00B8CF7C /* src */,
				124823361BF3DE2E005BA68B /* Foundation.framework */,
				124823341BF3CAA4005BA68B /* AppKit.framework */,
				124823281BF3BA46005BA68B /* Products */,
			);
			sourceTree = "<group>";
		};
		124823281BF3BA46005BA68B /* Products */ = {
			isa = PBXGroup;
			children = (
				124823271BF3BA46005BA68B /* usb-mount-notifier */,
			);
			name = Products;
			sourceTree = "<group>";
		};
/* End PBXGroup section */

/* Begin PBXNativeTarget section */
		124823261BF3BA46005BA68B /* usb-mount-notifier */ = {
			isa = PBXNativeTarget;
			buildConfigurationList = 1248232E1BF3BA46005BA68B /* Build configuration list for PBXNativeTarget "usb-mount-notifier" */;
			buildPhases = (
				124823231BF3BA46005BA68B /* Sources */,
				124823241BF3BA46005BA68B /* Frameworks */,
				124823251BF3BA46005BA68B /* CopyFiles */,
			);
			buildRules = (
			);
			dependencies = (
			);
			name = "usb-mount-notifier";
			productName = "usb-mount-notifier";
			productReference = 124823271BF3BA46005BA68B /* usb-mount-notifier */;
			productType = "com.apple.product-type.tool";
		};
/* End PBXNativeTarget section */

/* Begin PBXProject section */
		1248231F1BF3BA46005BA68B /* Project object */ = {
			isa = PBXProject;
			attributes = {
				LastUpgradeCheck = 0710;
				ORGANIZATIONNAME = Skydebrby;
				TargetAttributes = {
					124823261BF3BA46005BA68B = {
						CreatedOnToolsVersion = 7.1;
					};
				};
			};
			buildConfigurationList = 124823221BF3BA46005BA68B /* Build configuration list for PBXProject "usb-mount-notifier" */;
			compatibilityVersion = "Xcode 3.2";
			developmentRegion = English;
			hasScannedForEncodings = 0;
			knownRegions = (
				en,
			);
			mainGroup = 1248231E1BF3BA46005BA68B;
			productRefGroup = 124823281BF3BA46005BA68B /* Products */;
			projectDirPath = "";
			projectRoot = "";
			targets = (
				124823261BF3BA46005BA68B /* usb-mount-notifier */,
			);
		};
/* End PBXProject section */

/* Begin PBXSourcesBuildPhase section */
		124823231BF3BA46005BA68B /* Sources */ = {
			isa = PBXSourcesBuildPhase;
			buildActionMask = 2147483647;
			files = (
			);
			runOnlyForDeploymentPostprocessing = 0;
		};
/* End PBXSourcesBuildPhase section */

/* Begin XCBuildConfiguration section */
		1248232C1BF3BA46005BA68B /* Debug */ = {
			isa = XCBuildConfiguration;
			buildSettings = {
				ALWAYS_SEARCH_USER_PATHS = NO;
				CLANG_CXX_LANGUAGE_STANDARD = "gnu++0x";
				CLANG_CXX_LIBRARY = "libc++";
				CLANG_ENABLE_MODULES = YES;
				CLANG_ENABLE_OBJC_ARC = YES;
				CLANG_WARN_BOOL_CONVERSION = YES;
				CLANG_WARN_CONSTANT_CONVERSION = YES;
				CLANG_WARN_DIRECT_OBJC_ISA_USAGE = YES_ERROR;
				CLANG_WARN_EMPTY_BODY = YES;
				CLANG_WARN_ENUM_CONVERSION = YES;
				CLANG_WARN_INT_CONVERSION = YES;
				CLANG_WARN_OBJC_ROOT_CLASS = YES_ERROR;
				CLANG_WARN_UNREACHABLE_CODE = YES;
				CLANG_WARN__DUPLICATE_METHOD_MATCH = YES;
				CODE_SIGN_IDENTITY = "-";
				COPY_PHASE_STRIP = NO;
				DEBUG_INFORMATION_FORMAT = dwarf;
				ENABLE_STRICT_OBJC_MSGSEND = YES;
				ENABLE_TESTABILITY = YES;
				GCC_C_LANGUAGE_STANDARD = gnu99;
				GCC_DYNAMIC_NO_PIC = NO;
				GCC_NO_COMMON_BLOCKS = YES;
				GCC_OPTIMIZATION_LEVEL = 0;
				GCC_PREPROCESSOR_DEFINITIONS = (
					"DEBUG=1",
					"$(inherited)",
				);
				GCC_WARN_64_TO_32_BIT_CONVERSION = YES;
				GCC_WARN_ABOUT_RETURN_TYPE = YES_ERROR;
				GCC_WARN_UNDECLARED_SELECTOR = YES;
				GCC_WARN_UNINITIALIZED_AUTOS = YES_AGGRESSIVE;
				GCC_WARN_UNUSED_FUNCTION = YES;
				GCC_WARN_UNUSED_VARIABLE = YES;
				MACOSX_DEPLOYMENT_TARGET = 10.11;
				MTL_ENABLE_DEBUG_INFO = YES;
				ONLY_ACTIVE_ARCH = YES;
				SDKROOT = macosx;
			};
			name = Debug;
		};
		1248232D1BF3BA46005BA68B /* Release */ = {
			isa = XCBuildConfiguration;
			buildSettings = {
				ALWAYS_SEARCH_USER_PATHS = NO;
				CLANG_CXX_LANGUAGE_STANDARD = "gnu++0x";
				CLANG_CXX_LIBRARY = "libc++";
				CLANG_ENABLE_MODULES = YES;
				CLANG_ENABLE_OBJC_ARC = YES;
				CLANG_WARN_BOOL_CONVERSION = YES;
				CLANG_WARN_CONSTANT_CONVERSION = YES;
				CLANG_WARN_DIRECT_OBJC_ISA_USAGE = YES_ERROR;
				CLANG_WARN_EMPTY_BODY = YES;
				CLANG_WARN_ENUM_CONVERSION = YES;
				CLANG_WARN_INT_CONVERSION = YES;
				CLANG_WARN_OBJC_ROOT_CLASS = YES_ERROR;
				CLANG_WARN_UNREACHABLE_CODE = YES;
				CLANG_WARN__DUPLICATE_METHOD_MATCH = YES;
				CODE_SIGN_IDENTITY = "-";
				COPY_PHASE_STRIP = NO;
				DEBUG_INFORMATION_FORMAT = "dwarf-with-dsym";
				ENABLE_NS_ASSERTIONS = NO;
				ENABLE_STRICT_OBJC_MSGSEND = YES;
				GCC_C_LANGUAGE_STANDARD = gnu99;
				GCC_NO_COMMON_BLOCKS = YES;
				GCC_WARN_64_TO_32_BIT_CONVERSION = YES;
				GCC_WARN_ABOUT_RETURN_TYPE = YES_ERROR;
				GCC_WARN_UNDECLARED_SELECTOR = YES;
				GCC_WARN_UNINITIALIZED_AUTOS = YES_AGGRESSIVE;
				GCC_WARN_UNUSED_FUNCTION = YES;
				GCC_WARN_UNUSED_VARIABLE = YES;
				MACOSX_DEPLOYMENT_TARGET = 10.11;
				MTL_ENABLE_DEBUG_INFO = NO;
				SDKROOT = macosx;
			};
			name = Release;
		};
		1248232F1BF3BA46005BA68B /* Debug */ = {
			isa = XCBuildConfiguration;
			buildSettings = {
				INSTALL_PATH = "/Users/aleksandrkunin/Documents/1406 - skyderby.ru/usb-mount-notifier/usb-mount-notifier/build";
				MTL_ENABLE_DEBUG_INFO = NO;
				PRODUCT_NAME = "$(TARGET_NAME)";
			};
			name = Debug;
		};
		124823301BF3BA46005BA68B /* Release */ = {
			isa = XCBuildConfiguration;
			buildSettings = {
				INSTALL_PATH = "/Users/aleksandrkunin/Documents/1406 - skyderby.ru/usb-mount-notifier/usb-mount-notifier/build";
				PRODUCT_NAME = "$(TARGET_NAME)";
			};
			name = Release;
		};
/* End XCBuildConfiguration section */

/* Begin XCConfigurationList section */
		124823221BF3BA46005BA68B /* Build configuration list for PBXProject "usb-mount-notifier" */ = {
			isa = XCConfigurationList;
			buildConfigurations = (
				1248232C1BF3BA46005BA68B /* Debug */,
				1248232D1BF3BA46005BA68B /* Release */,
			);
			defaultConfigurationIsVisible = 0;
			defaultConfigurationName = Release;
		};
		1248232E1BF3BA46005BA68B /* Build configuration list for PBXNativeTarget "usb-mount-notifier" */ = {
			isa = XCConfigurationList;
			buildConfigurations = (
				1248232F1BF3BA46005BA68B /* Debug */,
				124823301BF3BA46005BA68B /* Release */,
			);
			defaultConfigurationIsVisible = 0;
			defaultConfigurationName = Release;
		};
/* End XCConfigurationList section */
	};
	rootObject = 1248231F1BF3BA46005BA68B /* Project object */;
}
