// !$*UTF8*$!
{
	archiveVersion = 1;
	classes = {
	};
	objectVersion = 46;
	objects = {

/* Begin PBXBuildFile section */
		1248232B1BF3BA46005BA68B /* main.m in Sources */ = {isa = PBXBuildFile; fileRef = 1248232A1BF3BA46005BA68B /* main.m */; };
/* End PBXBuildFile section */

/* Begin PBXCopyFilesBuildPhase section */
		124823251BF3BA46005BA68B /* CopyFiles */ = {
			isa = PBXCopyFilesBuildPhase;
			buildActionMask = 2147483647;
			dstPath = /usr/share/man/man1/;
			dstSubfolderSpec = 0;
			files = (
			);
			runOnlyForDeploymentPostprocessing = 1;
		};
/* End PBXCopyFilesBuildPhase section */

/* Begin PBXFileReference section */
		124823271BF3BA46005BA68B /* usb-mount-notifier */ = {isa = PBXFileReference; explicitFileType = "compiled.mach-o.executable"; includeInIndex = 0; path = "usb-mount-notifier"; sourceTree = BUILT_PRODUCTS_DIR; };
		1248232A1BF3BA46005BA68B /* main.m */ = {isa = PBXFileReference; lastKnownFileType = sourcecode.c.objc; path = main.m; sourceTree = "<group>"; };
/* End PBXFileReference section */

/* Begin PBXFrameworksBuildPhase section */
		124823241BF3BA46005BA68B /* Frameworks */ = {
			isa = PBXFrameworksBuildPhase;
			buildActionMask = 2147483647;
			files = (
			);
			runOnlyForDeploymentPostprocessing = 0;
		};
/* End PBXFrameworksBuildPhase section */

/* Begin PBXGroup section */
		1248231E1BF3BA46005BA68B = {
			isa = PBXGroup;
			children = (
				124823291BF3BA46005BA68B /* usb-mount-notifier */,
				124823281BF3BA46005BA68B /* Products */,
			);
			sourceTree = "<group>";
		};
		124823281BF3BA46005BA68B /* Products */ = {
			isa = PBXGroup;
			children = (
				124823271BF3BA46005BA68B /* usb-mount-notifier */,
			);
			name = Products;
			sourceTree = "<group>";
		};
		124823291BF3BA46005BA68B /* usb-mount-notifier */ = {
			isa = PBXGroup;
			children = (
				1248232A1BF3BA46005BA68B /* main.m */,
			);
			path = "usb-mount-notifier";
			sourceTree = "<group>";
		};
/* End PBXGroup section */

/* Begin PBXNativeTarget section */
		124823261BF3BA46005BA68B /* usb-mount-notifier */ = {
			isa = PBXNativeTarget;
			buildConfigurationList = 1248232E1BF3BA46005BA68B /* Build configuration list for PBXNativeTarget "usb-mount-notifier" */;
			buildPhases = (
				124823231BF3BA46005BA68B /* Sources */,
				124823241BF3BA46005BA68B /* Frameworks */,
				124823251BF3BA46005BA68B /* CopyFiles */,
			);
			buildRules = (
			);
			dependencies = (
			);
			name = "usb-mount-notifier";
			productName = "usb-mount-notifier";
			productReference = 124823271BF3BA46005BA68B /* usb-mount-notifier */;
			productType = "com.apple.product-type.tool";
		};
/* End PBXNativeTarget section */

/* Begin PBXProject section */
		1248231F1BF3BA46005BA68B /* Project object */ = {
			isa = PBXProject;
			attributes = {
				LastUpgradeCheck = 0710;
				ORGANIZATIONNAME = Skydebrby;
				TargetAttributes = {
					124823261BF3BA46005BA68B = {
						CreatedOnToolsVersion = 7.1;
					};
				};
			};
			buildConfigurationList = 124823221BF3BA46005BA68B /* Build configuration list for PBXProject "usb-mount-notifier" */;
			compatibilityVersion = "Xcode 3.2";
			developmentRegion = English;
			hasScannedForEncodings = 0;
			knownRegions = (
				en,
			);
			mainGroup = 1248231E1BF3BA46005BA68B;
			productRefGroup = 124823281BF3BA46005BA68B /* Products */;
			projectDirPath = "";
			projectRoot = "";
			targets = (
				124823261BF3BA46005BA68B /* usb-mount-notifier */,
			);
		};
/* End PBXProject section */

/* Begin PBXSourcesBuildPhase section */
		124823231BF3BA46005BA68B /* Sources */ = {
			isa = PBXSourcesBuildPhase;
			buildActionMask = 2147483647;
			files = (
				1248232B1BF3BA46005BA68B /* main.m in Sources */,
			);
			runOnlyForDeploymentPostprocessing = 0;
		};
/* End PBXSourcesBuildPhase section */

/* Begin XCBuildConfiguration section */
		1248232C1BF3BA46005BA68B /* Debug */ = {
			isa = XCBuildConfiguration;
			buildSettings = {
				ALWAYS_SEARCH_USER_PATHS = NO;
				CLANG_CXX_LANGUAGE_STANDARD = "gnu++0x";
				CLANG_CXX_LIBRARY = "libc++";
				CLANG_ENABLE_MODULES = YES;
				CLANG_ENABLE_OBJC_ARC = YES;
				CLANG_WARN_BOOL_CONVERSION = YES;
				CLANG_WARN_CONSTANT_CONVERSION = YES;
				CLANG_WARN_DIRECT_OBJC_ISA_USAGE = YES_ERROR;
				CLANG_WARN_EMPTY_BODY = YES;
				CLANG_WARN_ENUM_CONVERSION = YES;
				CLANG_WARN_INT_CONVERSION = YES;
				CLANG_WARN_OBJC_ROOT_CLASS = YES_ERROR;
				CLANG_WARN_UNREACHABLE_CODE = YES;
				CLANG_WARN__DUPLICATE_METHOD_MATCH = YES;
				CODE_SIGN_IDENTITY = "-";
				COPY_PHASE_STRIP = NO;
				DEBUG_INFORMATION_FORMAT = dwarf;
				ENABLE_STRICT_OBJC_MSGSEND = YES;
				ENABLE_TESTABILITY = YES;
				GCC_C_LANGUAGE_STANDARD = gnu99;
				GCC_DYNAMIC_NO_PIC = NO;
				GCC_NO_COMMON_BLOCKS = YES;
				GCC_OPTIMIZATION_LEVEL = 0;
				GCC_PREPROCESSOR_DEFINITIONS = (
					"DEBUG=1",
					"$(inherited)",
				);
				GCC_WARN_64_TO_32_BIT_CONVERSION = YES;
				GCC_WARN_ABOUT_RETURN_TYPE = YES_ERROR;
				GCC_WARN_UNDECLARED_SELECTOR = YES;
				GCC_WARN_UNINITIALIZED_AUTOS = YES_AGGRESSIVE;
				GCC_WARN_UNUSED_FUNCTION = YES;
				GCC_WARN_UNUSED_VARIABLE = YES;
				MACOSX_DEPLOYMENT_TARGET = 10.11;
				MTL_ENABLE_DEBUG_INFO = YES;
				ONLY_ACTIVE_ARCH = YES;
				SDKROOT = macosx;
			};
			name = Debug;
		};
		1248232D1BF3BA46005BA68B /* Release */ = {
			isa = XCBuildConfiguration;
			buildSettings = {
				ALWAYS_SEARCH_USER_PATHS = NO;
				CLANG_CXX_LANGUAGE_STANDARD = "gnu++0x";
				CLANG_CXX_LIBRARY = "libc++";
				CLANG_ENABLE_MODULES = YES;
				CLANG_ENABLE_OBJC_ARC = YES;
				CLANG_WARN_BOOL_CONVERSION = YES;
				CLANG_WARN_CONSTANT_CONVERSION = YES;
				CLANG_WARN_DIRECT_OBJC_ISA_USAGE = YES_ERROR;
				CLANG_WARN_EMPTY_BODY = YES;
				CLANG_WARN_ENUM_CONVERSION = YES;
				CLANG_WARN_INT_CONVERSION = YES;
				CLANG_WARN_OBJC_ROOT_CLASS = YES_ERROR;
				CLANG_WARN_UNREACHABLE_CODE = YES;
				CLANG_WARN__DUPLICATE_METHOD_MATCH = YES;
				CODE_SIGN_IDENTITY = "-";
				COPY_PHASE_STRIP = NO;
				DEBUG_INFORMATION_FORMAT = "dwarf-with-dsym";
				ENABLE_NS_ASSERTIONS = NO;
				ENABLE_STRICT_OBJC_MSGSEND = YES;
				GCC_C_LANGUAGE_STANDARD = gnu99;
				GCC_NO_COMMON_BLOCKS = YES;
				GCC_WARN_64_TO_32_BIT_CONVERSION = YES;
				GCC_WARN_ABOUT_RETURN_TYPE = YES_ERROR;
				GCC_WARN_UNDECLARED_SELECTOR = YES;
				GCC_WARN_UNINITIALIZED_AUTOS = YES_AGGRESSIVE;
				GCC_WARN_UNUSED_FUNCTION = YES;
				GCC_WARN_UNUSED_VARIABLE = YES;
				MACOSX_DEPLOYMENT_TARGET = 10.11;
				MTL_ENABLE_DEBUG_INFO = NO;
				SDKROOT = macosx;
			};
			name = Release;
		};
		1248232F1BF3BA46005BA68B /* Debug */ = {
			isa = XCBuildConfiguration;
			buildSettings = {
				PRODUCT_NAME = "$(TARGET_NAME)";
			};
			name = Debug;
		};
		124823301BF3BA46005BA68B /* Release */ = {
			isa = XCBuildConfiguration;
			buildSettings = {
				PRODUCT_NAME = "$(TARGET_NAME)";
			};
			name = Release;
		};
/* End XCBuildConfiguration section */

/* Begin XCConfigurationList section */
		124823221BF3BA46005BA68B /* Build configuration list for PBXProject "usb-mount-notifier" */ = {
			isa = XCConfigurationList;
			buildConfigurations = (
				1248232C1BF3BA46005BA68B /* Debug */,
				1248232D1BF3BA46005BA68B /* Release */,
			);
			defaultConfigurationIsVisible = 0;
			defaultConfigurationName = Release;
		};
		1248232E1BF3BA46005BA68B /* Build configuration list for PBXNativeTarget "usb-mount-notifier" */ = {
			isa = XCConfigurationList;
			buildConfigurations = (
				1248232F1BF3BA46005BA68B /* Debug */,
				124823301BF3BA46005BA68B /* Release */,
			);
			defaultConfigurationIsVisible = 0;
		};
/* End XCConfigurationList section */
	};
	rootObject = 1248231F1BF3BA46005BA68B /* Project object */;
}
